
Microsoft Visual Studio Solution File, Format Version 12.00
# Visual Studio Version 16
VisualStudioVersion = 16.0.29709.97
MinimumVisualStudioVersion = 10.0.40219.1
Project("{8BC9CEB8-8B4A-11D0-8D11-00A0C91BC942}") = "00 环境", "00 环境\00 环境.vcxproj", "{89FE959D-4C07-45BF-AC43-DF7599D36A46}"
EndProject
Project("{8BC9CEB8-8B4A-11D0-8D11-00A0C91BC942}") = "01 面向对象设计原则—开闭原则", "01 面向对象设计原则—开闭原则\01 面向对象设计原则—开闭原则.vcxproj", "{0590317F-418B-4135-81A9-5267E8B2C6D9}"
EndProject
Project("{8BC9CEB8-8B4A-11D0-8D11-00A0C91BC942}") = "02 面向对象设计原则—迪米特法则", "02 面向对象设计原则—迪米特法则\02 面向对象设计原则—迪米特法则.vcxproj", "{DDA48C0F-A1E5-4738-99BF-EE39CDF0A6E6}"
EndProject
Project("{8BC9CEB8-8B4A-11D0-8D11-00A0C91BC942}") = "03 面向对象设计原则—合成复用原则", "03 面向对象设计原则—合成复用原则\03 面向对象设计原则—合成复用原则.vcxproj", "{B76D64E0-2452-43FC-91E0-8C4225C23039}"
EndProject
Project("{8BC9CEB8-8B4A-11D0-8D11-00A0C91BC942}") = "04 面向对象设计原则—依赖倒转原则", "04 面向对象设计原则—依赖倒转原则\04 面向对象设计原则—依赖倒转原则.vcxproj", "{62297D53-AADE-4811-AFBB-D84FBF507974}"
EndProject
Project("{8BC9CEB8-8B4A-11D0-8D11-00A0C91BC942}") = "05 简单工厂模式", "05 简单工厂模式\05 简单工厂模式.vcxproj", "{FA52CC09-310F-4740-B09F-B120FC4029EC}"
EndProject
Project("{8BC9CEB8-8B4A-11D0-8D11-00A0C91BC942}") = "06 工厂方法模式", "06 工厂方法模式\06 工厂方法模式.vcxproj", "{A5759883-8B90-47DF-B3A7-3DC4DDD04089}"
EndProject
Project("{8BC9CEB8-8B4A-11D0-8D11-00A0C91BC942}") = "07 抽象工厂模式", "07 抽象工厂模式\07 抽象工厂模式.vcxproj", "{DE792771-CFF7-4353-AED7-5C6D53FED1DE}"
EndProject
Project("{8BC9CEB8-8B4A-11D0-8D11-00A0C91BC942}") = "08 单例模式", "08 单例模式\08 单例模式.vcxproj", "{C4547CE5-60E7-4CBA-B96A-7EFD068DBD17}"
EndProject
Project("{8BC9CEB8-8B4A-11D0-8D11-00A0C91BC942}") = "09 代理模式", "09 代理模式\09 代理模式.vcxproj", "{68AE5D24-8DC6-4873-92EC-CF83FFFF5A39}"
EndProject
Project("{8BC9CEB8-8B4A-11D0-8D11-00A0C91BC942}") = "10 外观模式", "10 外观模式\10 外观模式.vcxproj", "{0864BD8F-B541-4134-A1C3-DF8D9604BB15}"
EndProject
Project("{8BC9CEB8-8B4A-11D0-8D11-00A0C91BC942}") = "11 适配器模式", "11 适配器模式\11 适配器模式.vcxproj", "{EF04118E-10DE-4DC7-B8A3-8429EC50A51E}"
EndProject
Project("{8BC9CEB8-8B4A-11D0-8D11-00A0C91BC942}") = "12 模板方法模式", "12 模板方法模式\12 模板方法模式.vcxproj", "{548F0462-B47A-420D-8B3A-DE6CE3A04B10}"
EndProject
Project("{8BC9CEB8-8B4A-11D0-8D11-00A0C91BC942}") = "13 策略模式", "13 策略模式\13 策略模式.vcxproj", "{4AC67C26-D0A8-47FD-A45F-829AD5098705}"
EndProject
Project("{8BC9CEB8-8B4A-11D0-8D11-00A0C91BC942}") = "14 命令模式", "14 命令模式\14 命令模式.vcxproj", "{08057E70-D7F2-43B1-8C58-BA8707B9E6D2}"
EndProject
Project("{8BC9CEB8-8B4A-11D0-8D11-00A0C91BC942}") = "15 观察者模式", "15 观察者模式\15 观察者模式.vcxproj", "{095B758F-D901-4912-8674-9F3F7A409AB6}"
EndProject
Project("{8BC9CEB8-8B4A-11D0-8D11-00A0C91BC942}") = "16 装饰模式", "16 装饰模式\16 装饰模式.vcxproj", "{1340E7B9-762A-40BF-A1B8-E369DE26D809}"
EndProject
Global
	GlobalSection(SolutionConfigurationPlatforms) = preSolution
		Debug|x64 = Debug|x64
		Debug|x86 = Debug|x86
		Release|x64 = Release|x64
		Release|x86 = Release|x86
	EndGlobalSection
	GlobalSection(ProjectConfigurationPlatforms) = postSolution
		{89FE959D-4C07-45BF-AC43-DF7599D36A46}.Debug|x64.ActiveCfg = Debug|x64
		{89FE959D-4C07-45BF-AC43-DF7599D36A46}.Debug|x64.Build.0 = Debug|x64
		{89FE959D-4C07-45BF-AC43-DF7599D36A46}.Debug|x86.ActiveCfg = Debug|Win32
		{89FE959D-4C07-45BF-AC43-DF7599D36A46}.Debug|x86.Build.0 = Debug|Win32
		{89FE959D-4C07-45BF-AC43-DF7599D36A46}.Release|x64.ActiveCfg = Release|x64
		{89FE959D-4C07-45BF-AC43-DF7599D36A46}.Release|x64.Build.0 = Release|x64
		{89FE959D-4C07-45BF-AC43-DF7599D36A46}.Release|x86.ActiveCfg = Release|Win32
		{89FE959D-4C07-45BF-AC43-DF7599D36A46}.Release|x86.Build.0 = Release|Win32
		{0590317F-418B-4135-81A9-5267E8B2C6D9}.Debug|x64.ActiveCfg = Debug|x64
		{0590317F-418B-4135-81A9-5267E8B2C6D9}.Debug|x64.Build.0 = Debug|x64
		{0590317F-418B-4135-81A9-5267E8B2C6D9}.Debug|x86.ActiveCfg = Debug|Win32
		{0590317F-418B-4135-81A9-5267E8B2C6D9}.Debug|x86.Build.0 = Debug|Win32
		{0590317F-418B-4135-81A9-5267E8B2C6D9}.Release|x64.ActiveCfg = Release|x64
		{0590317F-418B-4135-81A9-5267E8B2C6D9}.Release|x64.Build.0 = Release|x64
		{0590317F-418B-4135-81A9-5267E8B2C6D9}.Release|x86.ActiveCfg = Release|Win32
		{0590317F-418B-4135-81A9-5267E8B2C6D9}.Release|x86.Build.0 = Release|Win32
		{DDA48C0F-A1E5-4738-99BF-EE39CDF0A6E6}.Debug|x64.ActiveCfg = Debug|x64
		{DDA48C0F-A1E5-4738-99BF-EE39CDF0A6E6}.Debug|x64.Build.0 = Debug|x64
		{DDA48C0F-A1E5-4738-99BF-EE39CDF0A6E6}.Debug|x86.ActiveCfg = Debug|Win32
		{DDA48C0F-A1E5-4738-99BF-EE39CDF0A6E6}.Debug|x86.Build.0 = Debug|Win32
		{DDA48C0F-A1E5-4738-99BF-EE39CDF0A6E6}.Release|x64.ActiveCfg = Release|x64
		{DDA48C0F-A1E5-4738-99BF-EE39CDF0A6E6}.Release|x64.Build.0 = Release|x64
		{DDA48C0F-A1E5-4738-99BF-EE39CDF0A6E6}.Release|x86.ActiveCfg = Release|Win32
		{DDA48C0F-A1E5-4738-99BF-EE39CDF0A6E6}.Release|x86.Build.0 = Release|Win32
		{B76D64E0-2452-43FC-91E0-8C4225C23039}.Debug|x64.ActiveCfg = Debug|x64
		{B76D64E0-2452-43FC-91E0-8C4225C23039}.Debug|x64.Build.0 = Debug|x64
		{B76D64E0-2452-43FC-91E0-8C4225C23039}.Debug|x86.ActiveCfg = Debug|Win32
		{B76D64E0-2452-43FC-91E0-8C4225C23039}.Debug|x86.Build.0 = Debug|Win32
		{B76D64E0-2452-43FC-91E0-8C4225C23039}.Release|x64.ActiveCfg = Release|x64
		{B76D64E0-2452-43FC-91E0-8C4225C23039}.Release|x64.Build.0 = Release|x64
		{B76D64E0-2452-43FC-91E0-8C4225C23039}.Release|x86.ActiveCfg = Release|Win32
		{B76D64E0-2452-43FC-91E0-8C4225C23039}.Release|x86.Build.0 = Release|Win32
		{62297D53-AADE-4811-AFBB-D84FBF507974}.Debug|x64.ActiveCfg = Debug|x64
		{62297D53-AADE-4811-AFBB-D84FBF507974}.Debug|x64.Build.0 = Debug|x64
		{62297D53-AADE-4811-AFBB-D84FBF507974}.Debug|x86.ActiveCfg = Debug|Win32
		{62297D53-AADE-4811-AFBB-D84FBF507974}.Debug|x86.Build.0 = Debug|Win32
		{62297D53-AADE-4811-AFBB-D84FBF507974}.Release|x64.ActiveCfg = Release|x64
		{62297D53-AADE-4811-AFBB-D84FBF507974}.Release|x64.Build.0 = Release|x64
		{62297D53-AADE-4811-AFBB-D84FBF507974}.Release|x86.ActiveCfg = Release|Win32
		{62297D53-AADE-4811-AFBB-D84FBF507974}.Release|x86.Build.0 = Release|Win32
		{FA52CC09-310F-4740-B09F-B120FC4029EC}.Debug|x64.ActiveCfg = Debug|x64
		{FA52CC09-310F-4740-B09F-B120FC4029EC}.Debug|x64.Build.0 = Debug|x64
		{FA52CC09-310F-4740-B09F-B120FC4029EC}.Debug|x86.ActiveCfg = Debug|Win32
		{FA52CC09-310F-4740-B09F-B120FC4029EC}.Debug|x86.Build.0 = Debug|Win32
		{FA52CC09-310F-4740-B09F-B120FC4029EC}.Release|x64.ActiveCfg = Release|x64
		{FA52CC09-310F-4740-B09F-B120FC4029EC}.Release|x64.Build.0 = Release|x64
		{FA52CC09-310F-4740-B09F-B120FC4029EC}.Release|x86.ActiveCfg = Release|Win32
		{FA52CC09-310F-4740-B09F-B120FC4029EC}.Release|x86.Build.0 = Release|Win32
		{A5759883-8B90-47DF-B3A7-3DC4DDD04089}.Debug|x64.ActiveCfg = Debug|x64
		{A5759883-8B90-47DF-B3A7-3DC4DDD04089}.Debug|x64.Build.0 = Debug|x64
		{A5759883-8B90-47DF-B3A7-3DC4DDD04089}.Debug|x86.ActiveCfg = Debug|Win32
		{A5759883-8B90-47DF-B3A7-3DC4DDD04089}.Debug|x86.Build.0 = Debug|Win32
		{A5759883-8B90-47DF-B3A7-3DC4DDD04089}.Release|x64.ActiveCfg = Release|x64
		{A5759883-8B90-47DF-B3A7-3DC4DDD04089}.Release|x64.Build.0 = Release|x64
		{A5759883-8B90-47DF-B3A7-3DC4DDD04089}.Release|x86.ActiveCfg = Release|Win32
		{A5759883-8B90-47DF-B3A7-3DC4DDD04089}.Release|x86.Build.0 = Release|Win32
		{DE792771-CFF7-4353-AED7-5C6D53FED1DE}.Debug|x64.ActiveCfg = Debug|x64
		{DE792771-CFF7-4353-AED7-5C6D53FED1DE}.Debug|x64.Build.0 = Debug|x64
		{DE792771-CFF7-4353-AED7-5C6D53FED1DE}.Debug|x86.ActiveCfg = Debug|Win32
		{DE792771-CFF7-4353-AED7-5C6D53FED1DE}.Debug|x86.Build.0 = Debug|Win32
		{DE792771-CFF7-4353-AED7-5C6D53FED1DE}.Release|x64.ActiveCfg = Release|x64
		{DE792771-CFF7-4353-AED7-5C6D53FED1DE}.Release|x64.Build.0 = Release|x64
		{DE792771-CFF7-4353-AED7-5C6D53FED1DE}.Release|x86.ActiveCfg = Release|Win32
		{DE792771-CFF7-4353-AED7-5C6D53FED1DE}.Release|x86.Build.0 = Release|Win32
		{C4547CE5-60E7-4CBA-B96A-7EFD068DBD17}.Debug|x64.ActiveCfg = Debug|x64
		{C4547CE5-60E7-4CBA-B96A-7EFD068DBD17}.Debug|x64.Build.0 = Debug|x64
		{C4547CE5-60E7-4CBA-B96A-7EFD068DBD17}.Debug|x86.ActiveCfg = Debug|Win32
		{C4547CE5-60E7-4CBA-B96A-7EFD068DBD17}.Debug|x86.Build.0 = Debug|Win32
		{C4547CE5-60E7-4CBA-B96A-7EFD068DBD17}.Release|x64.ActiveCfg = Release|x64
		{C4547CE5-60E7-4CBA-B96A-7EFD068DBD17}.Release|x64.Build.0 = Release|x64
		{C4547CE5-60E7-4CBA-B96A-7EFD068DBD17}.Release|x86.ActiveCfg = Release|Win32
		{C4547CE5-60E7-4CBA-B96A-7EFD068DBD17}.Release|x86.Build.0 = Release|Win32
		{68AE5D24-8DC6-4873-92EC-CF83FFFF5A39}.Debug|x64.ActiveCfg = Debug|x64
		{68AE5D24-8DC6-4873-92EC-CF83FFFF5A39}.Debug|x64.Build.0 = Debug|x64
		{68AE5D24-8DC6-4873-92EC-CF83FFFF5A39}.Debug|x86.ActiveCfg = Debug|Win32
		{68AE5D24-8DC6-4873-92EC-CF83FFFF5A39}.Debug|x86.Build.0 = Debug|Win32
		{68AE5D24-8DC6-4873-92EC-CF83FFFF5A39}.Release|x64.ActiveCfg = Release|x64
		{68AE5D24-8DC6-4873-92EC-CF83FFFF5A39}.Release|x64.Build.0 = Release|x64
		{68AE5D24-8DC6-4873-92EC-CF83FFFF5A39}.Release|x86.ActiveCfg = Release|Win32
		{68AE5D24-8DC6-4873-92EC-CF83FFFF5A39}.Release|x86.Build.0 = Release|Win32
		{0864BD8F-B541-4134-A1C3-DF8D9604BB15}.Debug|x64.ActiveCfg = Debug|x64
		{0864BD8F-B541-4134-A1C3-DF8D9604BB15}.Debug|x64.Build.0 = Debug|x64
		{0864BD8F-B541-4134-A1C3-DF8D9604BB15}.Debug|x86.ActiveCfg = Debug|Win32
		{0864BD8F-B541-4134-A1C3-DF8D9604BB15}.Debug|x86.Build.0 = Debug|Win32
		{0864BD8F-B541-4134-A1C3-DF8D9604BB15}.Release|x64.ActiveCfg = Release|x64
		{0864BD8F-B541-4134-A1C3-DF8D9604BB15}.Release|x64.Build.0 = Release|x64
		{0864BD8F-B541-4134-A1C3-DF8D9604BB15}.Release|x86.ActiveCfg = Release|Win32
		{0864BD8F-B541-4134-A1C3-DF8D9604BB15}.Release|x86.Build.0 = Release|Win32
		{EF04118E-10DE-4DC7-B8A3-8429EC50A51E}.Debug|x64.ActiveCfg = Debug|x64
		{EF04118E-10DE-4DC7-B8A3-8429EC50A51E}.Debug|x64.Build.0 = Debug|x64
		{EF04118E-10DE-4DC7-B8A3-8429EC50A51E}.Debug|x86.ActiveCfg = Debug|Win32
		{EF04118E-10DE-4DC7-B8A3-8429EC50A51E}.Debug|x86.Build.0 = Debug|Win32
		{EF04118E-10DE-4DC7-B8A3-8429EC50A51E}.Release|x64.ActiveCfg = Release|x64
		{EF04118E-10DE-4DC7-B8A3-8429EC50A51E}.Release|x64.Build.0 = Release|x64
		{EF04118E-10DE-4DC7-B8A3-8429EC50A51E}.Release|x86.ActiveCfg = Release|Win32
		{EF04118E-10DE-4DC7-B8A3-8429EC50A51E}.Release|x86.Build.0 = Release|Win32
		{548F0462-B47A-420D-8B3A-DE6CE3A04B10}.Debug|x64.ActiveCfg = Debug|x64
		{548F0462-B47A-420D-8B3A-DE6CE3A04B10}.Debug|x64.Build.0 = Debug|x64
		{548F0462-B47A-420D-8B3A-DE6CE3A04B10}.Debug|x86.ActiveCfg = Debug|Win32
		{548F0462-B47A-420D-8B3A-DE6CE3A04B10}.Debug|x86.Build.0 = Debug|Win32
		{548F0462-B47A-420D-8B3A-DE6CE3A04B10}.Release|x64.ActiveCfg = Release|x64
		{548F0462-B47A-420D-8B3A-DE6CE3A04B10}.Release|x64.Build.0 = Release|x64
		{548F0462-B47A-420D-8B3A-DE6CE3A04B10}.Release|x86.ActiveCfg = Release|Win32
		{548F0462-B47A-420D-8B3A-DE6CE3A04B10}.Release|x86.Build.0 = Release|Win32
		{4AC67C26-D0A8-47FD-A45F-829AD5098705}.Debug|x64.ActiveCfg = Debug|x64
		{4AC67C26-D0A8-47FD-A45F-829AD5098705}.Debug|x64.Build.0 = Debug|x64
		{4AC67C26-D0A8-47FD-A45F-829AD5098705}.Debug|x86.ActiveCfg = Debug|Win32
		{4AC67C26-D0A8-47FD-A45F-829AD5098705}.Debug|x86.Build.0 = Debug|Win32
		{4AC67C26-D0A8-47FD-A45F-829AD5098705}.Release|x64.ActiveCfg = Release|x64
		{4AC67C26-D0A8-47FD-A45F-829AD5098705}.Release|x64.Build.0 = Release|x64
		{4AC67C26-D0A8-47FD-A45F-829AD5098705}.Release|x86.ActiveCfg = Release|Win32
		{4AC67C26-D0A8-47FD-A45F-829AD5098705}.Release|x86.Build.0 = Release|Win32
		{08057E70-D7F2-43B1-8C58-BA8707B9E6D2}.Debug|x64.ActiveCfg = Debug|x64
		{08057E70-D7F2-43B1-8C58-BA8707B9E6D2}.Debug|x64.Build.0 = Debug|x64
		{08057E70-D7F2-43B1-8C58-BA8707B9E6D2}.Debug|x86.ActiveCfg = Debug|Win32
		{08057E70-D7F2-43B1-8C58-BA8707B9E6D2}.Debug|x86.Build.0 = Debug|Win32
		{08057E70-D7F2-43B1-8C58-BA8707B9E6D2}.Release|x64.ActiveCfg = Release|x64
		{08057E70-D7F2-43B1-8C58-BA8707B9E6D2}.Release|x64.Build.0 = Release|x64
		{08057E70-D7F2-43B1-8C58-BA8707B9E6D2}.Release|x86.ActiveCfg = Release|Win32
		{08057E70-D7F2-43B1-8C58-BA8707B9E6D2}.Release|x86.Build.0 = Release|Win32
		{095B758F-D901-4912-8674-9F3F7A409AB6}.Debug|x64.ActiveCfg = Debug|x64
		{095B758F-D901-4912-8674-9F3F7A409AB6}.Debug|x64.Build.0 = Debug|x64
		{095B758F-D901-4912-8674-9F3F7A409AB6}.Debug|x86.ActiveCfg = Debug|Win32
		{095B758F-D901-4912-8674-9F3F7A409AB6}.Debug|x86.Build.0 = Debug|Win32
		{095B758F-D901-4912-8674-9F3F7A409AB6}.Release|x64.ActiveCfg = Release|x64
		{095B758F-D901-4912-8674-9F3F7A409AB6}.Release|x64.Build.0 = Release|x64
		{095B758F-D901-4912-8674-9F3F7A409AB6}.Release|x86.ActiveCfg = Release|Win32
		{095B758F-D901-4912-8674-9F3F7A409AB6}.Release|x86.Build.0 = Release|Win32
		{1340E7B9-762A-40BF-A1B8-E369DE26D809}.Debug|x64.ActiveCfg = Debug|x64
		{1340E7B9-762A-40BF-A1B8-E369DE26D809}.Debug|x64.Build.0 = Debug|x64
		{1340E7B9-762A-40BF-A1B8-E369DE26D809}.Debug|x86.ActiveCfg = Debug|Win32
		{1340E7B9-762A-40BF-A1B8-E369DE26D809}.Debug|x86.Build.0 = Debug|Win32
		{1340E7B9-762A-40BF-A1B8-E369DE26D809}.Release|x64.ActiveCfg = Release|x64
		{1340E7B9-762A-40BF-A1B8-E369DE26D809}.Release|x64.Build.0 = Release|x64
		{1340E7B9-762A-40BF-A1B8-E369DE26D809}.Release|x86.ActiveCfg = Release|Win32
		{1340E7B9-762A-40BF-A1B8-E369DE26D809}.Release|x86.Build.0 = Release|Win32
	EndGlobalSection
	GlobalSection(SolutionProperties) = preSolution
		HideSolutionNode = FALSE
	EndGlobalSection
	GlobalSection(ExtensibilityGlobals) = postSolution
		SolutionGuid = {F54E53D9-EE28-4831-A40C-575AC6AEFBFC}
	EndGlobalSection
EndGlobal
